
Microsoft Visual Studio Solution File, Format Version 12.00
# Visual Studio Version 17
VisualStudioVersion = 17.8.34601.278
MinimumVisualStudioVersion = 10.0.40219.1
Project("{9A19103F-16F7-4668-BE54-9A1E7A4F7556}") = "LASLib", "LASLib\LASLib.csproj", "{DEDA5188-CC51-435C-AF0D-9E37AB329B3B}"
EndProject
Global
	GlobalSection(SolutionConfigurationPlatforms) = preSolution
		Debug|Any CPU = Debug|Any CPU
		Release|Any CPU = Release|Any CPU
	EndGlobalSection
	GlobalSection(ProjectConfigurationPlatforms) = postSolution
		{DEDA5188-CC51-435C-AF0D-9E37AB329B3B}.Debug|Any CPU.ActiveCfg = Debug|Any CPU
		{DEDA5188-CC51-435C-AF0D-9E37AB329B3B}.Debug|Any CPU.Build.0 = Debug|Any CPU
		{DEDA5188-CC51-435C-AF0D-9E37AB329B3B}.Release|Any CPU.ActiveCfg = Release|Any CPU
		{DEDA5188-CC51-435C-AF0D-9E37AB329B3B}.Release|Any CPU.Build.0 = Release|Any CPU
	EndGlobalSection
	GlobalSection(SolutionProperties) = preSolution
		HideSolutionNode = FALSE
	EndGlobalSection
	GlobalSection(ExtensibilityGlobals) = postSolution
		SolutionGuid = {2768365A-F769-4E79-82A2-3C9F865FA487}
	EndGlobalSection
EndGlobal
